
Microsoft Visual Studio Solution File, Format Version 12.00
# Visual Studio Version 17
VisualStudioVersion = 17.5.33530.505
MinimumVisualStudioVersion = 10.0.40219.1
Project("{FAE04EC0-301F-11D3-BF4B-00C04F79EFBC}") = "MostafaSaadSheet", "MostafaSaadSheet\MostafaSaadSheet.csproj", "{10A91217-3EC6-4029-9D1E-D53F7A4CF173}"
EndProject
Global
	GlobalSection(SolutionConfigurationPlatforms) = preSolution
		Debug|Any CPU = Debug|Any CPU
		Release|Any CPU = Release|Any CPU
	EndGlobalSection
	GlobalSection(ProjectConfigurationPlatforms) = postSolution
		{10A91217-3EC6-4029-9D1E-D53F7A4CF173}.Debug|Any CPU.ActiveCfg = Debug|Any CPU
		{10A91217-3EC6-4029-9D1E-D53F7A4CF173}.Debug|Any CPU.Build.0 = Debug|Any CPU
		{10A91217-3EC6-4029-9D1E-D53F7A4CF173}.Release|Any CPU.ActiveCfg = Release|Any CPU
		{10A91217-3EC6-4029-9D1E-D53F7A4CF173}.Release|Any CPU.Build.0 = Release|Any CPU
	EndGlobalSection
	GlobalSection(SolutionProperties) = preSolution
		HideSolutionNode = FALSE
	EndGlobalSection
	GlobalSection(ExtensibilityGlobals) = postSolution
		SolutionGuid = {92B816D1-6D2E-4621-9974-8582D56EFBCD}
	EndGlobalSection
EndGlobal
